
Microsoft Visual Studio Solution File, Format Version 12.00
# Visual Studio 2012
Project("{8BC9CEB8-8B4A-11D0-8D11-00A0C91BC942}") = "JCString", "JCString\JCString.vcxproj", "{1CA6F26A-DAB4-415C-8B9F-BCB183B7B981}"
EndProject
Project("{8BC9CEB8-8B4A-11D0-8D11-00A0C91BC942}") = "TestJCStringLibrary", "TestJCStringLibrary\TestJCStringLibrary.vcxproj", "{7CAE5E42-6338-4219-AF7E-B76D5CED95E3}"
EndProject
Global
	GlobalSection(SolutionConfigurationPlatforms) = preSolution
		Debug|Win32 = Debug|Win32
		Release|Win32 = Release|Win32
	EndGlobalSection
	GlobalSection(ProjectConfigurationPlatforms) = postSolution
		{1CA6F26A-DAB4-415C-8B9F-BCB183B7B981}.Debug|Win32.ActiveCfg = Debug|Win32
		{1CA6F26A-DAB4-415C-8B9F-BCB183B7B981}.Debug|Win32.Build.0 = Debug|Win32
		{1CA6F26A-DAB4-415C-8B9F-BCB183B7B981}.Release|Win32.ActiveCfg = Release|Win32
		{1CA6F26A-DAB4-415C-8B9F-BCB183B7B981}.Release|Win32.Build.0 = Release|Win32
		{7CAE5E42-6338-4219-AF7E-B76D5CED95E3}.Debug|Win32.ActiveCfg = Debug|Win32
		{7CAE5E42-6338-4219-AF7E-B76D5CED95E3}.Debug|Win32.Build.0 = Debug|Win32
		{7CAE5E42-6338-4219-AF7E-B76D5CED95E3}.Release|Win32.ActiveCfg = Release|Win32
		{7CAE5E42-6338-4219-AF7E-B76D5CED95E3}.Release|Win32.Build.0 = Release|Win32
	EndGlobalSection
	GlobalSection(SolutionProperties) = preSolution
		HideSolutionNode = FALSE
	EndGlobalSection
EndGlobal
